{
  "name": "cmb-reference-service",
  "version": "0.1.0",
  "lockfileVersion": 3,
  "requires": true,
  "packages": {
    "": {
      "name": "cmb-reference-service",
      "version": "0.1.0",
      "dependencies": {
        "@moshaver/cmb-health": "file:../../packages/cmb/health",
        "@moshaver/cmb-kernel": "file:../../packages/cmb/kernel"
      },
      "engines": {
        "node": ">=22.13.0 <23"
      }
    },
    "../../packages/cmb/health": {
      "name": "@moshaver/cmb-health",
      "version": "0.1.0",
      "dependencies": {
        "@moshaver/cmb-kernel": "file:../kernel"
      },
      "engines": {
        "node": ">=22.5.0 <23"
      }
    },
    "../../packages/cmb/kernel": {
      "name": "@moshaver/cmb-kernel",
      "version": "0.1.0",
      "engines": {
        "node": ">=22.5.0 <23"
      }
    },
    "node_modules/@moshaver/cmb-health": {
      "resolved": "../../packages/cmb/health",
      "link": true
    },
    "node_modules/@moshaver/cmb-kernel": {
      "resolved": "../../packages/cmb/kernel",
      "link": true
    }
  }
}
