{
  "name": "cmb-reference-service",
  "version": "0.1.0",
  "lockfileVersion": 3,
  "requires": true,
  "packages": {
    "": {
      "name": "cmb-reference-service",
      "version": "0.1.0",
      "dependencies": {
        "@moshaver/cmb-auth": "file:../../packages/cmb/auth",
        "@moshaver/cmb-authorization": "file:../../packages/cmb/authorization",
        "@moshaver/cmb-health": "file:../../packages/cmb/health",
        "@moshaver/cmb-identity": "file:../../packages/cmb/identity",
        "@moshaver/cmb-infrastructure": "file:../../packages/cmb/infrastructure",
        "@moshaver/cmb-kernel": "file:../../packages/cmb/kernel",
        "@moshaver/cmb-notifications": "file:../../packages/cmb/notifications",
        "@moshaver/cmb-persistence": "file:../../packages/cmb/persistence",
        "@moshaver/cmb-realtime": "file:../../packages/cmb/realtime",
        "@moshaver/cmb-tenancy": "file:../../packages/cmb/tenancy"
      },
      "engines": {
        "node": ">=22.13.0 <23"
      }
    },
    "../../packages/cmb/auth": {
      "name": "@moshaver/cmb-auth",
      "version": "0.1.0",
      "dependencies": {
        "@moshaver/cmb-identity": "file:../identity",
        "@moshaver/cmb-kernel": "file:../kernel"
      },
      "engines": {
        "node": ">=22.5.0 <23"
      }
    },
    "../../packages/cmb/authorization": {
      "name": "@moshaver/cmb-authorization",
      "version": "0.1.0",
      "dependencies": {
        "@moshaver/cmb-identity": "file:../identity",
        "@moshaver/cmb-kernel": "file:../kernel",
        "@moshaver/cmb-tenancy": "file:../tenancy"
      },
      "engines": {
        "node": ">=22.5.0 <23"
      }
    },
    "../../packages/cmb/health": {
      "name": "@moshaver/cmb-health",
      "version": "0.1.0",
      "dependencies": {
        "@moshaver/cmb-kernel": "file:../kernel"
      },
      "engines": {
        "node": ">=22.5.0 <23"
      }
    },
    "../../packages/cmb/identity": {
      "name": "@moshaver/cmb-identity",
      "version": "0.1.0",
      "dependencies": {
        "@moshaver/cmb-kernel": "file:../kernel"
      },
      "engines": {
        "node": ">=22.5.0 <23"
      }
    },
    "../../packages/cmb/infrastructure": {
      "name": "@moshaver/cmb-infrastructure",
      "version": "0.1.0",
      "dependencies": {
        "@moshaver/cmb-health": "file:../health",
        "@moshaver/cmb-kernel": "file:../kernel"
      },
      "engines": {
        "node": ">=22.5.0 <23"
      }
    },
    "../../packages/cmb/kernel": {
      "name": "@moshaver/cmb-kernel",
      "version": "0.1.0",
      "engines": {
        "node": ">=22.5.0 <23"
      }
    },
    "../../packages/cmb/notifications": {
      "name": "@moshaver/cmb-notifications",
      "version": "0.1.0",
      "dependencies": {
        "@moshaver/cmb-kernel": "file:../kernel"
      },
      "engines": {
        "node": ">=22.5.0 <23"
      }
    },
    "../../packages/cmb/persistence": {
      "name": "@moshaver/cmb-persistence",
      "version": "0.1.0",
      "dependencies": {
        "@moshaver/cmb-kernel": "file:../kernel"
      },
      "engines": {
        "node": ">=22.5.0 <23"
      }
    },
    "../../packages/cmb/realtime": {
      "name": "@moshaver/cmb-realtime",
      "version": "0.1.0",
      "dependencies": {
        "@moshaver/cmb-kernel": "file:../kernel"
      },
      "engines": {
        "node": ">=22.5.0 <23"
      }
    },
    "../../packages/cmb/tenancy": {
      "name": "@moshaver/cmb-tenancy",
      "version": "0.1.0",
      "dependencies": {
        "@moshaver/cmb-kernel": "file:../kernel"
      },
      "engines": {
        "node": ">=22.5.0 <23"
      }
    },
    "node_modules/@moshaver/cmb-auth": {
      "resolved": "../../packages/cmb/auth",
      "link": true
    },
    "node_modules/@moshaver/cmb-authorization": {
      "resolved": "../../packages/cmb/authorization",
      "link": true
    },
    "node_modules/@moshaver/cmb-health": {
      "resolved": "../../packages/cmb/health",
      "link": true
    },
    "node_modules/@moshaver/cmb-identity": {
      "resolved": "../../packages/cmb/identity",
      "link": true
    },
    "node_modules/@moshaver/cmb-infrastructure": {
      "resolved": "../../packages/cmb/infrastructure",
      "link": true
    },
    "node_modules/@moshaver/cmb-kernel": {
      "resolved": "../../packages/cmb/kernel",
      "link": true
    },
    "node_modules/@moshaver/cmb-notifications": {
      "resolved": "../../packages/cmb/notifications",
      "link": true
    },
    "node_modules/@moshaver/cmb-persistence": {
      "resolved": "../../packages/cmb/persistence",
      "link": true
    },
    "node_modules/@moshaver/cmb-realtime": {
      "resolved": "../../packages/cmb/realtime",
      "link": true
    },
    "node_modules/@moshaver/cmb-tenancy": {
      "resolved": "../../packages/cmb/tenancy",
      "link": true
    }
  }
}
