{
  "name": "@moshaver/cmb-authorization",
  "version": "0.1.0",
  "lockfileVersion": 3,
  "requires": true,
  "packages": {
    "": {
      "name": "@moshaver/cmb-authorization",
      "version": "0.1.0",
      "dependencies": {
        "@moshaver/cmb-identity": "file:../identity",
        "@moshaver/cmb-kernel": "file:../kernel",
        "@moshaver/cmb-tenancy": "file:../tenancy"
      },
      "engines": {
        "node": ">=22.5.0 <23"
      }
    },
    "../identity": {
      "name": "@moshaver/cmb-identity",
      "version": "0.1.0",
      "dependencies": {
        "@moshaver/cmb-kernel": "file:../kernel"
      },
      "engines": {
        "node": ">=22.5.0 <23"
      }
    },
    "../kernel": {
      "name": "@moshaver/cmb-kernel",
      "version": "0.1.0",
      "engines": {
        "node": ">=22.5.0 <23"
      }
    },
    "../tenancy": {
      "name": "@moshaver/cmb-tenancy",
      "version": "0.1.0",
      "dependencies": {
        "@moshaver/cmb-kernel": "file:../kernel"
      },
      "engines": {
        "node": ">=22.5.0 <23"
      }
    },
    "node_modules/@moshaver/cmb-identity": {
      "resolved": "../identity",
      "link": true
    },
    "node_modules/@moshaver/cmb-kernel": {
      "resolved": "../kernel",
      "link": true
    },
    "node_modules/@moshaver/cmb-tenancy": {
      "resolved": "../tenancy",
      "link": true
    }
  }
}
