{
  "name": "@moshaver/cmb-system",
  "version": "0.1.0",
  "lockfileVersion": 3,
  "requires": true,
  "packages": {
    "": {
      "name": "@moshaver/cmb-system",
      "version": "0.1.0",
      "dependencies": {
        "@moshaver/cmb-kernel": "file:../kernel"
      },
      "engines": {
        "node": ">=22.5.0 <23"
      }
    },
    "../kernel": {
      "name": "@moshaver/cmb-kernel",
      "version": "0.1.0",
      "engines": {
        "node": ">=22.5.0 <23"
      }
    },
    "node_modules/@moshaver/cmb-kernel": {
      "resolved": "../kernel",
      "link": true
    }
  }
}
